
Microsoft Visual Studio Solution File, Format Version 12.00
# Visual Studio Version 16
VisualStudioVersion = 16.0.29215.179
MinimumVisualStudioVersion = 10.0.40219.1
Project("{8BC9CEB8-8B4A-11D0-8D11-00A0C91BC942}") = "Math-Library", "Math-Library.vcxproj", "{7DA7D9AC-3EA8-4F4E-A8B3-602D0B324C87}"
EndProject
Project("{8BC9CEB8-8B4A-11D0-8D11-00A0C91BC942}") = "MathClient", "..\MathClient\MathClient.vcxproj", "{3DCD1BB6-76E7-4436-BB36-D44818C6583B}"
EndProject
Global
	GlobalSection(SolutionConfigurationPlatforms) = preSolution
		Debug|x64 = Debug|x64
		Debug|x86 = Debug|x86
		Release|x64 = Release|x64
		Release|x86 = Release|x86
	EndGlobalSection
	GlobalSection(ProjectConfigurationPlatforms) = postSolution
		{7DA7D9AC-3EA8-4F4E-A8B3-602D0B324C87}.Debug|x64.ActiveCfg = Debug|x64
		{7DA7D9AC-3EA8-4F4E-A8B3-602D0B324C87}.Debug|x64.Build.0 = Debug|x64
		{7DA7D9AC-3EA8-4F4E-A8B3-602D0B324C87}.Debug|x86.ActiveCfg = Debug|Win32
		{7DA7D9AC-3EA8-4F4E-A8B3-602D0B324C87}.Debug|x86.Build.0 = Debug|Win32
		{7DA7D9AC-3EA8-4F4E-A8B3-602D0B324C87}.Release|x64.ActiveCfg = Release|x64
		{7DA7D9AC-3EA8-4F4E-A8B3-602D0B324C87}.Release|x64.Build.0 = Release|x64
		{7DA7D9AC-3EA8-4F4E-A8B3-602D0B324C87}.Release|x86.ActiveCfg = Release|Win32
		{7DA7D9AC-3EA8-4F4E-A8B3-602D0B324C87}.Release|x86.Build.0 = Release|Win32
		{3DCD1BB6-76E7-4436-BB36-D44818C6583B}.Debug|x64.ActiveCfg = Debug|x64
		{3DCD1BB6-76E7-4436-BB36-D44818C6583B}.Debug|x64.Build.0 = Debug|x64
		{3DCD1BB6-76E7-4436-BB36-D44818C6583B}.Debug|x86.ActiveCfg = Debug|Win32
		{3DCD1BB6-76E7-4436-BB36-D44818C6583B}.Debug|x86.Build.0 = Debug|Win32
		{3DCD1BB6-76E7-4436-BB36-D44818C6583B}.Release|x64.ActiveCfg = Release|x64
		{3DCD1BB6-76E7-4436-BB36-D44818C6583B}.Release|x64.Build.0 = Release|x64
		{3DCD1BB6-76E7-4436-BB36-D44818C6583B}.Release|x86.ActiveCfg = Release|Win32
		{3DCD1BB6-76E7-4436-BB36-D44818C6583B}.Release|x86.Build.0 = Release|Win32
	EndGlobalSection
	GlobalSection(SolutionProperties) = preSolution
		HideSolutionNode = FALSE
	EndGlobalSection
	GlobalSection(ExtensibilityGlobals) = postSolution
		SolutionGuid = {399937BE-DE8D-460F-BCFF-B94DDE09F0C7}
	EndGlobalSection
EndGlobal
